
Microsoft Visual Studio Solution File, Format Version 12.00
# Visual Studio Version 16
VisualStudioVersion = 16.0.30717.126
MinimumVisualStudioVersion = 10.0.40219.1
Project("{FAE04EC0-301F-11D3-BF4B-00C04F79EFBC}") = "sonproje3", "sonproje3.csproj", "{2A7853EF-0E43-488C-8336-480855837780}"
EndProject
Global
	GlobalSection(SolutionConfigurationPlatforms) = preSolution
		Debug|Any CPU = Debug|Any CPU
		Release|Any CPU = Release|Any CPU
	EndGlobalSection
	GlobalSection(ProjectConfigurationPlatforms) = postSolution
		{2A7853EF-0E43-488C-8336-480855837780}.Debug|Any CPU.ActiveCfg = Debug|Any CPU
		{2A7853EF-0E43-488C-8336-480855837780}.Debug|Any CPU.Build.0 = Debug|Any CPU
		{2A7853EF-0E43-488C-8336-480855837780}.Release|Any CPU.ActiveCfg = Release|Any CPU
		{2A7853EF-0E43-488C-8336-480855837780}.Release|Any CPU.Build.0 = Release|Any CPU
	EndGlobalSection
	GlobalSection(SolutionProperties) = preSolution
		HideSolutionNode = FALSE
	EndGlobalSection
	GlobalSection(ExtensibilityGlobals) = postSolution
		SolutionGuid = {98786949-C55B-4EFF-9AAD-580282CD3E4E}
	EndGlobalSection
EndGlobal
